PODS:
  - AFNetworking (3.1.0):
    - AFNetworking/NSURLSession (= 3.1.0)
    - AFNetworking/Reachability (= 3.1.0)
    - AFNetworking/Security (= 3.1.0)
    - AFNetworking/Serialization (= 3.1.0)
    - AFNetworking/UIKit (= 3.1.0)
  - AFNetworking/NSURLSession (3.1.0):
    - AFNetworking/Reachability
    - AFNetworking/Security
    - AFNetworking/Serialization
  - AFNetworking/Reachability (3.1.0)
  - AFNetworking/Security (3.1.0)
  - AFNetworking/Serialization (3.1.0)
  - AFNetworking/UIKit (3.1.0):
    - AFNetworking/NSURLSession
  - MapillarySDK (0.0.1):
    - AFNetworking (~> 3.0)

DEPENDENCIES:
  - MapillarySDK (from `../MapillarySDK/MapillarySDK.podspec`)

EXTERNAL SOURCES:
  MapillarySDK:
    :path: ../MapillarySDK/MapillarySDK.podspec

SPEC CHECKSUMS:
  AFNetworking: 5e0e199f73d8626b11e79750991f5d173d1f8b67
  MapillarySDK: 5c0ea1529335d7dfc60b10f7af43051246598b86

PODFILE CHECKSUM: 76d0720974f37f613d1b8967249a5ef7c9e69d37

COCOAPODS: 1.3.1
