PODS:
  - AFNetworking (3.2.1):
    - AFNetworking/NSURLSession (= 3.2.1)
    - AFNetworking/Reachability (= 3.2.1)
    - AFNetworking/Security (= 3.2.1)
    - AFNetworking/Serialization (= 3.2.1)
    - AFNetworking/UIKit (= 3.2.1)
  - AFNetworking/NSURLSession (3.2.1):
    - AFNetworking/Reachability
    - AFNetworking/Security
    - AFNetworking/Serialization
  - AFNetworking/Reachability (3.2.1)
  - AFNetworking/Security (3.2.1)
  - AFNetworking/Serialization (3.2.1)
  - AFNetworking/UIKit (3.2.1):
    - AFNetworking/NSURLSession
  - AWSCore (2.9.1)
  - AWSS3 (2.9.1):
    - AWSCore (= 2.9.1)
  - BOSImageResizeOperation (0.1.0)
  - MapillarySDK (0.8):
    - AFNetworking (~> 3.1)
    - AWSCore (~> 2.6)
    - AWSS3 (~> 2.6)
    - BOSImageResizeOperation (~> 0.1)
    - NSHash (~> 1.2)
    - PodAsset (~> 0.22)
    - SAMKeychain (~> 1.5)
    - SDVersion (~> 4.0)
  - NSHash (1.2.0)
  - PodAsset (0.22.0)
  - SAMKeychain (1.5.3)
  - SDVersion (4.3.2)

DEPENDENCIES:
  - MapillarySDK (from `../MapillarySDK.podspec`)

SPEC REPOS:
  https://github.com/cocoapods/specs.git:
    - AFNetworking
    - AWSCore
    - AWSS3
    - BOSImageResizeOperation
    - NSHash
    - PodAsset
    - SAMKeychain
    - SDVersion

EXTERNAL SOURCES:
  MapillarySDK:
    :path: "../MapillarySDK.podspec"

SPEC CHECKSUMS:
  AFNetworking: b6f891fdfaed196b46c7a83cf209e09697b94057
  AWSCore: de39c337b7cb32c7a2c6402f45ecf4e50498000e
  AWSS3: 1feca899851eb4d45ca16860e441da658e1b852d
  BOSImageResizeOperation: 457aafe464729572cac69cc89dce0e2e1450edaa
  MapillarySDK: d8ec14c446483f6718d0e42cd292263b1393498d
  NSHash: 036c03781d372c288d332b512b203e7bb832e46e
  PodAsset: d9d35b6a86ceaeaead63692a1bce27b4aea243b3
  SAMKeychain: 483e1c9f32984d50ca961e26818a534283b4cd5c
  SDVersion: 18f32c835c1543611fcfae3c6accd9a04b90597e

PODFILE CHECKSUM: 86c388e9f27c189ad82b6a8951063d2c970b6650

COCOAPODS: 1.5.3
