PODS:
  - AFNetworking (3.2.0):
    - AFNetworking/NSURLSession (= 3.2.0)
    - AFNetworking/Reachability (= 3.2.0)
    - AFNetworking/Security (= 3.2.0)
    - AFNetworking/Serialization (= 3.2.0)
    - AFNetworking/UIKit (= 3.2.0)
  - AFNetworking/NSURLSession (3.2.0):
    - AFNetworking/Reachability
    - AFNetworking/Security
    - AFNetworking/Serialization
  - AFNetworking/Reachability (3.2.0)
  - AFNetworking/Security (3.2.0)
  - AFNetworking/Serialization (3.2.0)
  - AFNetworking/UIKit (3.2.0):
    - AFNetworking/NSURLSession
  - AWSCore (2.6.13)
  - AWSS3 (2.6.13):
    - AWSCore (= 2.6.13)
  - BOSImageResizeOperation (0.1.0)
  - MapillarySDK (0.0.1):
    - AFNetworking (~> 3.0)
    - AWSCore (~> 2.6)
    - AWSS3 (~> 2.6)
    - BOSImageResizeOperation (~> 0.1)
    - NSHash (~> 1.2.0)
    - PodAsset (~> 0.22)
    - SAMKeychain (~> 1.5)
    - SDVersion (~> 4.0)
  - NSHash (1.2.0)
  - PodAsset (0.22.0)
  - SAMKeychain (1.5.3)
  - SDVersion (4.3.2)

DEPENDENCIES:
  - MapillarySDK (from `../MapillarySDK.podspec`)

EXTERNAL SOURCES:
  MapillarySDK:
    :path: ../MapillarySDK.podspec

SPEC CHECKSUMS:
  AFNetworking: 8ac6017b94ea105479f7776e5288e48ae9c59bb4
  AWSCore: 5da797bc476188fdaf00dec134fa18d84708eca9
  AWSS3: 7c178c82c2e648559b7075a663335055327dd4f5
  BOSImageResizeOperation: 457aafe464729572cac69cc89dce0e2e1450edaa
  MapillarySDK: f98eefe719689c6415e9c792b4e3731a8cc614c9
  NSHash: 036c03781d372c288d332b512b203e7bb832e46e
  PodAsset: d9d35b6a86ceaeaead63692a1bce27b4aea243b3
  SAMKeychain: 483e1c9f32984d50ca961e26818a534283b4cd5c
  SDVersion: 18f32c835c1543611fcfae3c6accd9a04b90597e

PODFILE CHECKSUM: 86c388e9f27c189ad82b6a8951063d2c970b6650

COCOAPODS: 1.4.0.rc.1
