// !$*UTF8*$!
{
	archiveVersion = 1;
	classes = {
	};
	objectVersion = 46;
	objects = {

/* Begin PBXBuildFile section */
		2E94298B40925C85C8763F38 /* libPods-MapillarySDKTests.a in Frameworks */ = {isa = PBXBuildFile; fileRef = 4E80025FA3A595529DAE1966 /* libPods-MapillarySDKTests.a */; };
		2E99FBD02B117723E745A817 /* libPods-MapillarySDK.a in Frameworks */ = {isa = PBXBuildFile; fileRef = 169F403CB7C5B1A80A248CDC /* libPods-MapillarySDK.a */; };
		9A6B0D6B1F615CA5009C2454 /* MAPGpxParser.h in Headers */ = {isa = PBXBuildFile; fileRef = 9A6B0D691F615CA5009C2454 /* MAPGpxParser.h */; };
		9A6B0D6C1F615CA5009C2454 /* MAPGpxParser.m in Sources */ = {isa = PBXBuildFile; fileRef = 9A6B0D6A1F615CA5009C2454 /* MAPGpxParser.m */; };
		9A6B0D6F1F618D4C009C2454 /* MAPApiManager.h in Headers */ = {isa = PBXBuildFile; fileRef = 9A6B0D6D1F618D4C009C2454 /* MAPApiManager.h */; };
		9A6B0D701F618D4C009C2454 /* MAPApiManager.m in Sources */ = {isa = PBXBuildFile; fileRef = 9A6B0D6E1F618D4C009C2454 /* MAPApiManager.m */; };
		9A6B0D731F628E2B009C2454 /* MAPApplicationDelegate.h in Headers */ = {isa = PBXBuildFile; fileRef = 9A6B0D711F628E2B009C2454 /* MAPApplicationDelegate.h */; settings = {ATTRIBUTES = (Public, ); }; };
		9A6B0D741F628E2B009C2454 /* MAPApplicationDelegate.m in Sources */ = {isa = PBXBuildFile; fileRef = 9A6B0D721F628E2B009C2454 /* MAPApplicationDelegate.m */; };
		9A6B0D761F629A9E009C2454 /* MapillarySDK.podspec in Resources */ = {isa = PBXBuildFile; fileRef = 9A6B0D751F629A9E009C2454 /* MapillarySDK.podspec */; };
		9A7977021F4EF3EA00358A30 /* MAPFileManager.h in Headers */ = {isa = PBXBuildFile; fileRef = 9A7977001F4EF3EA00358A30 /* MAPFileManager.h */; settings = {ATTRIBUTES = (Public, ); }; };
		9A7977031F4EF3EA00358A30 /* MAPFileManager.m in Sources */ = {isa = PBXBuildFile; fileRef = 9A7977011F4EF3EA00358A30 /* MAPFileManager.m */; };
		9A7977061F4EF3F800358A30 /* MAPImage.h in Headers */ = {isa = PBXBuildFile; fileRef = 9A7977041F4EF3F800358A30 /* MAPImage.h */; settings = {ATTRIBUTES = (Public, ); }; };
		9A7977071F4EF3F800358A30 /* MAPImage.m in Sources */ = {isa = PBXBuildFile; fileRef = 9A7977051F4EF3F800358A30 /* MAPImage.m */; };
		9A79770E1F4EF41100358A30 /* MAPSequence.h in Headers */ = {isa = PBXBuildFile; fileRef = 9A79770C1F4EF41100358A30 /* MAPSequence.h */; settings = {ATTRIBUTES = (Public, ); }; };
		9A79770F1F4EF41100358A30 /* MAPSequence.m in Sources */ = {isa = PBXBuildFile; fileRef = 9A79770D1F4EF41100358A30 /* MAPSequence.m */; };
		9A7977121F4EF41F00358A30 /* MAPUploadManager.h in Headers */ = {isa = PBXBuildFile; fileRef = 9A7977101F4EF41F00358A30 /* MAPUploadManager.h */; settings = {ATTRIBUTES = (Public, ); }; };
		9A7977131F4EF41F00358A30 /* MAPUploadManager.m in Sources */ = {isa = PBXBuildFile; fileRef = 9A7977111F4EF41F00358A30 /* MAPUploadManager.m */; };
		9A7977161F4EF43700358A30 /* MAPUploadStatus.h in Headers */ = {isa = PBXBuildFile; fileRef = 9A7977141F4EF43700358A30 /* MAPUploadStatus.h */; settings = {ATTRIBUTES = (Public, ); }; };
		9A7977171F4EF43700358A30 /* MAPUploadStatus.m in Sources */ = {isa = PBXBuildFile; fileRef = 9A7977151F4EF43700358A30 /* MAPUploadStatus.m */; };
		9A79771A1F4EF5D600358A30 /* MAPLocation.h in Headers */ = {isa = PBXBuildFile; fileRef = 9A7977181F4EF5D600358A30 /* MAPLocation.h */; settings = {ATTRIBUTES = (Public, ); }; };
		9A79771B1F4EF5D600358A30 /* MAPLocation.m in Sources */ = {isa = PBXBuildFile; fileRef = 9A7977191F4EF5D600358A30 /* MAPLocation.m */; };
		9A7977221F5027C700358A30 /* MAPUtils.h in Headers */ = {isa = PBXBuildFile; fileRef = 9A7977201F5027C700358A30 /* MAPUtils.h */; };
		9A7977231F5027C700358A30 /* MAPUtils.m in Sources */ = {isa = PBXBuildFile; fileRef = 9A7977211F5027C700358A30 /* MAPUtils.m */; };
		9A7977261F507A6300358A30 /* MAPGpxLogger.h in Headers */ = {isa = PBXBuildFile; fileRef = 9A7977241F507A6300358A30 /* MAPGpxLogger.h */; };
		9A7977271F507A6300358A30 /* MAPGpxLogger.m in Sources */ = {isa = PBXBuildFile; fileRef = 9A7977251F507A6300358A30 /* MAPGpxLogger.m */; };
		9A79772D1F55AA1500358A30 /* Podfile in Resources */ = {isa = PBXBuildFile; fileRef = 9A79772C1F55AA1500358A30 /* Podfile */; };
		9A88F94E1F4D933F0076C311 /* MapillarySDK.framework in Frameworks */ = {isa = PBXBuildFile; fileRef = 9A88F9441F4D933F0076C311 /* MapillarySDK.framework */; };
		9A88F9551F4D933F0076C311 /* MapillarySDK.h in Headers */ = {isa = PBXBuildFile; fileRef = 9A88F9471F4D933F0076C311 /* MapillarySDK.h */; settings = {ATTRIBUTES = (Public, ); }; };
		9AC871921F4DB37D0012721D /* MAPLoginManager.h in Headers */ = {isa = PBXBuildFile; fileRef = 9AC871901F4DB37D0012721D /* MAPLoginManager.h */; settings = {ATTRIBUTES = (Public, ); }; };
		9AC871931F4DB37D0012721D /* MAPLoginManager.m in Sources */ = {isa = PBXBuildFile; fileRef = 9AC871911F4DB37D0012721D /* MAPLoginManager.m */; };
		9AC871961F4DB3F90012721D /* MAPUser.h in Headers */ = {isa = PBXBuildFile; fileRef = 9AC871941F4DB3F90012721D /* MAPUser.h */; settings = {ATTRIBUTES = (Public, ); }; };
		9AC871971F4DB3F90012721D /* MAPUser.m in Sources */ = {isa = PBXBuildFile; fileRef = 9AC871951F4DB3F90012721D /* MAPUser.m */; };
		9AC871991F4DB8310012721D /* MAPDefines.h in Headers */ = {isa = PBXBuildFile; fileRef = 9AC871981F4DB8310012721D /* MAPDefines.h */; };
		9AC8719B1F4DBA1A0012721D /* MAPLoginManagerTests.m in Sources */ = {isa = PBXBuildFile; fileRef = 9AC8719A1F4DBA1A0012721D /* MAPLoginManagerTests.m */; };
		9AC8719D1F4DD8500012721D /* MAPUserTests.m in Sources */ = {isa = PBXBuildFile; fileRef = 9AC8719C1F4DD8500012721D /* MAPUserTests.m */; };
		9AE6FB121F56EB67004AE114 /* MAPGpxLoggerTests.m in Sources */ = {isa = PBXBuildFile; fileRef = 9AE6FB111F56EB67004AE114 /* MAPGpxLoggerTests.m */; };
		9AE6FB151F571E1D004AE114 /* MAPDevice.h in Headers */ = {isa = PBXBuildFile; fileRef = 9AE6FB131F571E1D004AE114 /* MAPDevice.h */; settings = {ATTRIBUTES = (Public, ); }; };
		9AE6FB161F571E1D004AE114 /* MAPDevice.m in Sources */ = {isa = PBXBuildFile; fileRef = 9AE6FB141F571E1D004AE114 /* MAPDevice.m */; };
		9AE762391F94E4B7003EC3E9 /* libOCHamcrest.a in Frameworks */ = {isa = PBXBuildFile; fileRef = 9AE7623A1F94E4B7003EC3E9 /* libOCHamcrest.a */; };
		9AE7623B1F94E4BC003EC3E9 /* libOCMockito.a in Frameworks */ = {isa = PBXBuildFile; fileRef = 9AE7623C1F94E4BC003EC3E9 /* libOCMockito.a */; };
/* End PBXBuildFile section */

/* Begin PBXContainerItemProxy section */
		9A88F94F1F4D933F0076C311 /* PBXContainerItemProxy */ = {
			isa = PBXContainerItemProxy;
			containerPortal = 9A88F93B1F4D933F0076C311 /* Project object */;
			proxyType = 1;
			remoteGlobalIDString = 9A88F9431F4D933F0076C311;
			remoteInfo = MapillarySDK;
		};
/* End PBXContainerItemProxy section */

/* Begin PBXFileReference section */
		169F403CB7C5B1A80A248CDC /* libPods-MapillarySDK.a */ = {isa = PBXFileReference; explicitFileType = archive.ar; includeInIndex = 0; path = "libPods-MapillarySDK.a"; sourceTree = BUILT_PRODUCTS_DIR; };
		22FFA07D5FDB91E34206156C /* Pods-MapillarySDKTests.debug.xcconfig */ = {isa = PBXFileReference; includeInIndex = 1; lastKnownFileType = text.xcconfig; name = "Pods-MapillarySDKTests.debug.xcconfig"; path = "Pods/Target Support Files/Pods-MapillarySDKTests/Pods-MapillarySDKTests.debug.xcconfig"; sourceTree = "<group>"; };
		4E80025FA3A595529DAE1966 /* libPods-MapillarySDKTests.a */ = {isa = PBXFileReference; explicitFileType = archive.ar; includeInIndex = 0; path = "libPods-MapillarySDKTests.a"; sourceTree = BUILT_PRODUCTS_DIR; };
		9118836B0FBEFF1B1CFFD71D /* Pods-MapillarySDK.release.xcconfig */ = {isa = PBXFileReference; includeInIndex = 1; lastKnownFileType = text.xcconfig; name = "Pods-MapillarySDK.release.xcconfig"; path = "Pods/Target Support Files/Pods-MapillarySDK/Pods-MapillarySDK.release.xcconfig"; sourceTree = "<group>"; };
		9A6B0D691F615CA5009C2454 /* MAPGpxParser.h */ = {isa = PBXFileReference; fileEncoding = 4; lastKnownFileType = sourcecode.c.h; path = MAPGpxParser.h; sourceTree = "<group>"; };
		9A6B0D6A1F615CA5009C2454 /* MAPGpxParser.m */ = {isa = PBXFileReference; fileEncoding = 4; lastKnownFileType = sourcecode.c.objc; path = MAPGpxParser.m; sourceTree = "<group>"; };
		9A6B0D6D1F618D4C009C2454 /* MAPApiManager.h */ = {isa = PBXFileReference; fileEncoding = 4; lastKnownFileType = sourcecode.c.h; path = MAPApiManager.h; sourceTree = "<group>"; };
		9A6B0D6E1F618D4C009C2454 /* MAPApiManager.m */ = {isa = PBXFileReference; fileEncoding = 4; lastKnownFileType = sourcecode.c.objc; path = MAPApiManager.m; sourceTree = "<group>"; };
		9A6B0D711F628E2B009C2454 /* MAPApplicationDelegate.h */ = {isa = PBXFileReference; fileEncoding = 4; lastKnownFileType = sourcecode.c.h; path = MAPApplicationDelegate.h; sourceTree = "<group>"; };
		9A6B0D721F628E2B009C2454 /* MAPApplicationDelegate.m */ = {isa = PBXFileReference; fileEncoding = 4; lastKnownFileType = sourcecode.c.objc; path = MAPApplicationDelegate.m; sourceTree = "<group>"; };
		9A6B0D751F629A9E009C2454 /* MapillarySDK.podspec */ = {isa = PBXFileReference; fileEncoding = 4; lastKnownFileType = text; path = MapillarySDK.podspec; sourceTree = SOURCE_ROOT; };
		9A7977001F4EF3EA00358A30 /* MAPFileManager.h */ = {isa = PBXFileReference; fileEncoding = 4; lastKnownFileType = sourcecode.c.h; path = MAPFileManager.h; sourceTree = "<group>"; };
		9A7977011F4EF3EA00358A30 /* MAPFileManager.m */ = {isa = PBXFileReference; fileEncoding = 4; lastKnownFileType = sourcecode.c.objc; path = MAPFileManager.m; sourceTree = "<group>"; };
		9A7977041F4EF3F800358A30 /* MAPImage.h */ = {isa = PBXFileReference; fileEncoding = 4; lastKnownFileType = sourcecode.c.h; path = MAPImage.h; sourceTree = "<group>"; };
		9A7977051F4EF3F800358A30 /* MAPImage.m */ = {isa = PBXFileReference; fileEncoding = 4; lastKnownFileType = sourcecode.c.objc; path = MAPImage.m; sourceTree = "<group>"; };
		9A79770C1F4EF41100358A30 /* MAPSequence.h */ = {isa = PBXFileReference; fileEncoding = 4; lastKnownFileType = sourcecode.c.h; path = MAPSequence.h; sourceTree = "<group>"; };
		9A79770D1F4EF41100358A30 /* MAPSequence.m */ = {isa = PBXFileReference; fileEncoding = 4; lastKnownFileType = sourcecode.c.objc; path = MAPSequence.m; sourceTree = "<group>"; };
		9A7977101F4EF41F00358A30 /* MAPUploadManager.h */ = {isa = PBXFileReference; fileEncoding = 4; lastKnownFileType = sourcecode.c.h; path = MAPUploadManager.h; sourceTree = "<group>"; };
		9A7977111F4EF41F00358A30 /* MAPUploadManager.m */ = {isa = PBXFileReference; fileEncoding = 4; lastKnownFileType = sourcecode.c.objc; path = MAPUploadManager.m; sourceTree = "<group>"; };
		9A7977141F4EF43700358A30 /* MAPUploadStatus.h */ = {isa = PBXFileReference; fileEncoding = 4; lastKnownFileType = sourcecode.c.h; path = MAPUploadStatus.h; sourceTree = "<group>"; };
		9A7977151F4EF43700358A30 /* MAPUploadStatus.m */ = {isa = PBXFileReference; fileEncoding = 4; lastKnownFileType = sourcecode.c.objc; path = MAPUploadStatus.m; sourceTree = "<group>"; };
		9A7977181F4EF5D600358A30 /* MAPLocation.h */ = {isa = PBXFileReference; fileEncoding = 4; lastKnownFileType = sourcecode.c.h; path = MAPLocation.h; sourceTree = "<group>"; };
		9A7977191F4EF5D600358A30 /* MAPLocation.m */ = {isa = PBXFileReference; fileEncoding = 4; lastKnownFileType = sourcecode.c.objc; path = MAPLocation.m; sourceTree = "<group>"; };
		9A7977201F5027C700358A30 /* MAPUtils.h */ = {isa = PBXFileReference; fileEncoding = 4; lastKnownFileType = sourcecode.c.h; path = MAPUtils.h; sourceTree = "<group>"; };
		9A7977211F5027C700358A30 /* MAPUtils.m */ = {isa = PBXFileReference; fileEncoding = 4; lastKnownFileType = sourcecode.c.objc; path = MAPUtils.m; sourceTree = "<group>"; };
		9A7977241F507A6300358A30 /* MAPGpxLogger.h */ = {isa = PBXFileReference; fileEncoding = 4; lastKnownFileType = sourcecode.c.h; path = MAPGpxLogger.h; sourceTree = "<group>"; };
		9A7977251F507A6300358A30 /* MAPGpxLogger.m */ = {isa = PBXFileReference; fileEncoding = 4; lastKnownFileType = sourcecode.c.objc; path = MAPGpxLogger.m; sourceTree = "<group>"; };
		9A79772C1F55AA1500358A30 /* Podfile */ = {isa = PBXFileReference; fileEncoding = 4; lastKnownFileType = text; path = Podfile; sourceTree = SOURCE_ROOT; xcLanguageSpecificationIdentifier = xcode.lang.ruby; };
		9A88F9441F4D933F0076C311 /* MapillarySDK.framework */ = {isa = PBXFileReference; explicitFileType = wrapper.framework; includeInIndex = 0; path = MapillarySDK.framework; sourceTree = BUILT_PRODUCTS_DIR; };
		9A88F9471F4D933F0076C311 /* MapillarySDK.h */ = {isa = PBXFileReference; lastKnownFileType = sourcecode.c.h; path = MapillarySDK.h; sourceTree = "<group>"; };
		9A88F9481F4D933F0076C311 /* Info.plist */ = {isa = PBXFileReference; lastKnownFileType = text.plist.xml; path = Info.plist; sourceTree = "<group>"; };
		9A88F94D1F4D933F0076C311 /* MapillarySDKTests.xctest */ = {isa = PBXFileReference; explicitFileType = wrapper.cfbundle; includeInIndex = 0; path = MapillarySDKTests.xctest; sourceTree = BUILT_PRODUCTS_DIR; };
		9A88F9541F4D933F0076C311 /* Info.plist */ = {isa = PBXFileReference; lastKnownFileType = text.plist.xml; path = Info.plist; sourceTree = "<group>"; };
		9AC871901F4DB37D0012721D /* MAPLoginManager.h */ = {isa = PBXFileReference; fileEncoding = 4; lastKnownFileType = sourcecode.c.h; path = MAPLoginManager.h; sourceTree = "<group>"; };
		9AC871911F4DB37D0012721D /* MAPLoginManager.m */ = {isa = PBXFileReference; fileEncoding = 4; lastKnownFileType = sourcecode.c.objc; path = MAPLoginManager.m; sourceTree = "<group>"; };
		9AC871941F4DB3F90012721D /* MAPUser.h */ = {isa = PBXFileReference; fileEncoding = 4; lastKnownFileType = sourcecode.c.h; path = MAPUser.h; sourceTree = "<group>"; };
		9AC871951F4DB3F90012721D /* MAPUser.m */ = {isa = PBXFileReference; fileEncoding = 4; lastKnownFileType = sourcecode.c.objc; path = MAPUser.m; sourceTree = "<group>"; };
		9AC871981F4DB8310012721D /* MAPDefines.h */ = {isa = PBXFileReference; fileEncoding = 4; lastKnownFileType = sourcecode.c.h; name = MAPDefines.h; path = internal/MAPDefines.h; sourceTree = "<group>"; };
		9AC8719A1F4DBA1A0012721D /* MAPLoginManagerTests.m */ = {isa = PBXFileReference; fileEncoding = 4; lastKnownFileType = sourcecode.c.objc; path = MAPLoginManagerTests.m; sourceTree = "<group>"; };
		9AC8719C1F4DD8500012721D /* MAPUserTests.m */ = {isa = PBXFileReference; fileEncoding = 4; lastKnownFileType = sourcecode.c.objc; path = MAPUserTests.m; sourceTree = "<group>"; };
		9AE6FB111F56EB67004AE114 /* MAPGpxLoggerTests.m */ = {isa = PBXFileReference; fileEncoding = 4; lastKnownFileType = sourcecode.c.objc; path = MAPGpxLoggerTests.m; sourceTree = "<group>"; };
		9AE6FB131F571E1D004AE114 /* MAPDevice.h */ = {isa = PBXFileReference; fileEncoding = 4; lastKnownFileType = sourcecode.c.h; path = MAPDevice.h; sourceTree = "<group>"; };
		9AE6FB141F571E1D004AE114 /* MAPDevice.m */ = {isa = PBXFileReference; fileEncoding = 4; lastKnownFileType = sourcecode.c.objc; path = MAPDevice.m; sourceTree = "<group>"; };
		9AE762361F94E47B003EC3E9 /* libOCMockito.a */ = {isa = PBXFileReference; explicitFileType = archive.ar; path = libOCMockito.a; sourceTree = BUILT_PRODUCTS_DIR; };
		9AE762381F94E482003EC3E9 /* libOCHamcrest.a */ = {isa = PBXFileReference; explicitFileType = archive.ar; path = libOCHamcrest.a; sourceTree = BUILT_PRODUCTS_DIR; };
		9AE7623A1F94E4B7003EC3E9 /* libOCHamcrest.a */ = {isa = PBXFileReference; explicitFileType = archive.ar; path = libOCHamcrest.a; sourceTree = BUILT_PRODUCTS_DIR; };
		9AE7623C1F94E4BC003EC3E9 /* libOCMockito.a */ = {isa = PBXFileReference; explicitFileType = archive.ar; path = libOCMockito.a; sourceTree = BUILT_PRODUCTS_DIR; };
		AF85996D43C4CB7735B1F0BB /* Pods-MapillarySDKTests.release.xcconfig */ = {isa = PBXFileReference; includeInIndex = 1; lastKnownFileType = text.xcconfig; name = "Pods-MapillarySDKTests.release.xcconfig"; path = "Pods/Target Support Files/Pods-MapillarySDKTests/Pods-MapillarySDKTests.release.xcconfig"; sourceTree = "<group>"; };
		B28D729845064077865D7260 /* Pods-MapillarySDK.debug.xcconfig */ = {isa = PBXFileReference; includeInIndex = 1; lastKnownFileType = text.xcconfig; name = "Pods-MapillarySDK.debug.xcconfig"; path = "Pods/Target Support Files/Pods-MapillarySDK/Pods-MapillarySDK.debug.xcconfig"; sourceTree = "<group>"; };
/* End PBXFileReference section */

/* Begin PBXFrameworksBuildPhase section */
		9A88F9401F4D933F0076C311 /* Frameworks */ = {
			isa = PBXFrameworksBuildPhase;
			buildActionMask = 2147483647;
			files = (
				2E99FBD02B117723E745A817 /* libPods-MapillarySDK.a in Frameworks */,
			);
			runOnlyForDeploymentPostprocessing = 0;
		};
		9A88F94A1F4D933F0076C311 /* Frameworks */ = {
			isa = PBXFrameworksBuildPhase;
			buildActionMask = 2147483647;
			files = (
				9AE7623B1F94E4BC003EC3E9 /* libOCMockito.a in Frameworks */,
				9AE762391F94E4B7003EC3E9 /* libOCHamcrest.a in Frameworks */,
				9A88F94E1F4D933F0076C311 /* MapillarySDK.framework in Frameworks */,
				2E94298B40925C85C8763F38 /* libPods-MapillarySDKTests.a in Frameworks */,
			);
			runOnlyForDeploymentPostprocessing = 0;
		};
/* End PBXFrameworksBuildPhase section */

/* Begin PBXGroup section */
		15E690A7296FD5CBD0E66C92 /* Frameworks */ = {
			isa = PBXGroup;
			children = (
				9AE7623C1F94E4BC003EC3E9 /* libOCMockito.a */,
				9AE7623A1F94E4B7003EC3E9 /* libOCHamcrest.a */,
				9AE762381F94E482003EC3E9 /* libOCHamcrest.a */,
				9AE762361F94E47B003EC3E9 /* libOCMockito.a */,
				169F403CB7C5B1A80A248CDC /* libPods-MapillarySDK.a */,
				4E80025FA3A595529DAE1966 /* libPods-MapillarySDKTests.a */,
			);
			name = Frameworks;
			sourceTree = "<group>";
		};
		9A88F93A1F4D933F0076C311 = {
			isa = PBXGroup;
			children = (
				9A88F9461F4D933F0076C311 /* MapillarySDK */,
				9A88F9511F4D933F0076C311 /* MapillarySDKTests */,
				9A88F9451F4D933F0076C311 /* Products */,
				C154E3531FA59E311CF0FE63 /* Pods */,
				15E690A7296FD5CBD0E66C92 /* Frameworks */,
			);
			sourceTree = "<group>";
		};
		9A88F9451F4D933F0076C311 /* Products */ = {
			isa = PBXGroup;
			children = (
				9A88F9441F4D933F0076C311 /* MapillarySDK.framework */,
				9A88F94D1F4D933F0076C311 /* MapillarySDKTests.xctest */,
			);
			name = Products;
			sourceTree = "<group>";
		};
		9A88F9461F4D933F0076C311 /* MapillarySDK */ = {
			isa = PBXGroup;
			children = (
				9A88F9481F4D933F0076C311 /* Info.plist */,
				9A79772C1F55AA1500358A30 /* Podfile */,
				9A6B0D751F629A9E009C2454 /* MapillarySDK.podspec */,
				9AC8718F1F4DB3300012721D /* internal */,
				9A6B0D711F628E2B009C2454 /* MAPApplicationDelegate.h */,
				9A6B0D721F628E2B009C2454 /* MAPApplicationDelegate.m */,
				9AE6FB131F571E1D004AE114 /* MAPDevice.h */,
				9AE6FB141F571E1D004AE114 /* MAPDevice.m */,
				9A7977001F4EF3EA00358A30 /* MAPFileManager.h */,
				9A7977011F4EF3EA00358A30 /* MAPFileManager.m */,
				9A88F9471F4D933F0076C311 /* MapillarySDK.h */,
				9A7977041F4EF3F800358A30 /* MAPImage.h */,
				9A7977051F4EF3F800358A30 /* MAPImage.m */,
				9A7977181F4EF5D600358A30 /* MAPLocation.h */,
				9A7977191F4EF5D600358A30 /* MAPLocation.m */,
				9AC871901F4DB37D0012721D /* MAPLoginManager.h */,
				9AC871911F4DB37D0012721D /* MAPLoginManager.m */,
				9A79770C1F4EF41100358A30 /* MAPSequence.h */,
				9A79770D1F4EF41100358A30 /* MAPSequence.m */,
				9A7977101F4EF41F00358A30 /* MAPUploadManager.h */,
				9A7977111F4EF41F00358A30 /* MAPUploadManager.m */,
				9A7977141F4EF43700358A30 /* MAPUploadStatus.h */,
				9A7977151F4EF43700358A30 /* MAPUploadStatus.m */,
				9AC871941F4DB3F90012721D /* MAPUser.h */,
				9AC871951F4DB3F90012721D /* MAPUser.m */,
			);
			path = MapillarySDK;
			sourceTree = "<group>";
		};
		9A88F9511F4D933F0076C311 /* MapillarySDKTests */ = {
			isa = PBXGroup;
			children = (
				9A88F9541F4D933F0076C311 /* Info.plist */,
				9AE6FB111F56EB67004AE114 /* MAPGpxLoggerTests.m */,
				9AC8719A1F4DBA1A0012721D /* MAPLoginManagerTests.m */,
				9AC8719C1F4DD8500012721D /* MAPUserTests.m */,
			);
			path = MapillarySDKTests;
			sourceTree = "<group>";
		};
		9AC8718F1F4DB3300012721D /* internal */ = {
			isa = PBXGroup;
			children = (
				9A6B0D6D1F618D4C009C2454 /* MAPApiManager.h */,
				9A6B0D6E1F618D4C009C2454 /* MAPApiManager.m */,
				9AC871981F4DB8310012721D /* MAPDefines.h */,
				9A7977241F507A6300358A30 /* MAPGpxLogger.h */,
				9A7977251F507A6300358A30 /* MAPGpxLogger.m */,
				9A6B0D691F615CA5009C2454 /* MAPGpxParser.h */,
				9A6B0D6A1F615CA5009C2454 /* MAPGpxParser.m */,
				9A7977201F5027C700358A30 /* MAPUtils.h */,
				9A7977211F5027C700358A30 /* MAPUtils.m */,
			);
			name = internal;
			sourceTree = "<group>";
		};
		C154E3531FA59E311CF0FE63 /* Pods */ = {
			isa = PBXGroup;
			children = (
				B28D729845064077865D7260 /* Pods-MapillarySDK.debug.xcconfig */,
				9118836B0FBEFF1B1CFFD71D /* Pods-MapillarySDK.release.xcconfig */,
				22FFA07D5FDB91E34206156C /* Pods-MapillarySDKTests.debug.xcconfig */,
				AF85996D43C4CB7735B1F0BB /* Pods-MapillarySDKTests.release.xcconfig */,
			);
			name = Pods;
			sourceTree = "<group>";
		};
/* End PBXGroup section */

/* Begin PBXHeadersBuildPhase section */
		9A88F9411F4D933F0076C311 /* Headers */ = {
			isa = PBXHeadersBuildPhase;
			buildActionMask = 2147483647;
			files = (
				9A7977261F507A6300358A30 /* MAPGpxLogger.h in Headers */,
				9A7977161F4EF43700358A30 /* MAPUploadStatus.h in Headers */,
				9A79771A1F4EF5D600358A30 /* MAPLocation.h in Headers */,
				9A7977061F4EF3F800358A30 /* MAPImage.h in Headers */,
				9A79770E1F4EF41100358A30 /* MAPSequence.h in Headers */,
				9A7977121F4EF41F00358A30 /* MAPUploadManager.h in Headers */,
				9A6B0D6F1F618D4C009C2454 /* MAPApiManager.h in Headers */,
				9AC871921F4DB37D0012721D /* MAPLoginManager.h in Headers */,
				9AE6FB151F571E1D004AE114 /* MAPDevice.h in Headers */,
				9AC871961F4DB3F90012721D /* MAPUser.h in Headers */,
				9A6B0D731F628E2B009C2454 /* MAPApplicationDelegate.h in Headers */,
				9A7977021F4EF3EA00358A30 /* MAPFileManager.h in Headers */,
				9A6B0D6B1F615CA5009C2454 /* MAPGpxParser.h in Headers */,
				9A88F9551F4D933F0076C311 /* MapillarySDK.h in Headers */,
				9A7977221F5027C700358A30 /* MAPUtils.h in Headers */,
				9AC871991F4DB8310012721D /* MAPDefines.h in Headers */,
			);
			runOnlyForDeploymentPostprocessing = 0;
		};
/* End PBXHeadersBuildPhase section */

/* Begin PBXNativeTarget section */
		9A88F9431F4D933F0076C311 /* MapillarySDK */ = {
			isa = PBXNativeTarget;
			buildConfigurationList = 9A88F9581F4D933F0076C311 /* Build configuration list for PBXNativeTarget "MapillarySDK" */;
			buildPhases = (
				F92E7559CAE76386D150D3CE /* [CP] Check Pods Manifest.lock */,
				9A88F93F1F4D933F0076C311 /* Sources */,
				9A88F9401F4D933F0076C311 /* Frameworks */,
				9A88F9411F4D933F0076C311 /* Headers */,
				9A88F9421F4D933F0076C311 /* Resources */,
				8C634D19D6F38C5D3AA70B31 /* [CP] Copy Pods Resources */,
			);
			buildRules = (
			);
			dependencies = (
			);
			name = MapillarySDK;
			productName = MapillarySDK;
			productReference = 9A88F9441F4D933F0076C311 /* MapillarySDK.framework */;
			productType = "com.apple.product-type.framework";
		};
		9A88F94C1F4D933F0076C311 /* MapillarySDKTests */ = {
			isa = PBXNativeTarget;
			buildConfigurationList = 9A88F95B1F4D933F0076C311 /* Build configuration list for PBXNativeTarget "MapillarySDKTests" */;
			buildPhases = (
				9A2E2D7F5BDC772E624E75FD /* [CP] Check Pods Manifest.lock */,
				9A88F9491F4D933F0076C311 /* Sources */,
				9A88F94A1F4D933F0076C311 /* Frameworks */,
				9A88F94B1F4D933F0076C311 /* Resources */,
				E3E70687E600D17D5BFF4278 /* [CP] Embed Pods Frameworks */,
				C6DE72E2BFE531D882934979 /* [CP] Copy Pods Resources */,
			);
			buildRules = (
			);
			dependencies = (
				9A88F9501F4D933F0076C311 /* PBXTargetDependency */,
			);
			name = MapillarySDKTests;
			productName = MapillarySDKTests;
			productReference = 9A88F94D1F4D933F0076C311 /* MapillarySDKTests.xctest */;
			productType = "com.apple.product-type.bundle.unit-test";
		};
/* End PBXNativeTarget section */

/* Begin PBXProject section */
		9A88F93B1F4D933F0076C311 /* Project object */ = {
			isa = PBXProject;
			attributes = {
				LastUpgradeCheck = 0830;
				ORGANIZATIONNAME = Mapillary;
				TargetAttributes = {
					9A88F9431F4D933F0076C311 = {
						CreatedOnToolsVersion = 8.3.3;
						DevelopmentTeam = K7QW859D7N;
						ProvisioningStyle = Automatic;
					};
					9A88F94C1F4D933F0076C311 = {
						CreatedOnToolsVersion = 8.3.3;
						DevelopmentTeam = K7QW859D7N;
						ProvisioningStyle = Automatic;
					};
				};
			};
			buildConfigurationList = 9A88F93E1F4D933F0076C311 /* Build configuration list for PBXProject "MapillarySDK" */;
			compatibilityVersion = "Xcode 3.2";
			developmentRegion = English;
			hasScannedForEncodings = 0;
			knownRegions = (
				en,
			);
			mainGroup = 9A88F93A1F4D933F0076C311;
			productRefGroup = 9A88F9451F4D933F0076C311 /* Products */;
			projectDirPath = "";
			projectRoot = "";
			targets = (
				9A88F9431F4D933F0076C311 /* MapillarySDK */,
				9A88F94C1F4D933F0076C311 /* MapillarySDKTests */,
			);
		};
/* End PBXProject section */

/* Begin PBXResourcesBuildPhase section */
		9A88F9421F4D933F0076C311 /* Resources */ = {
			isa = PBXResourcesBuildPhase;
			buildActionMask = 2147483647;
			files = (
				9A79772D1F55AA1500358A30 /* Podfile in Resources */,
				9A6B0D761F629A9E009C2454 /* MapillarySDK.podspec in Resources */,
			);
			runOnlyForDeploymentPostprocessing = 0;
		};
		9A88F94B1F4D933F0076C311 /* Resources */ = {
			isa = PBXResourcesBuildPhase;
			buildActionMask = 2147483647;
			files = (
			);
			runOnlyForDeploymentPostprocessing = 0;
		};
/* End PBXResourcesBuildPhase section */

/* Begin PBXShellScriptBuildPhase section */
		8C634D19D6F38C5D3AA70B31 /* [CP] Copy Pods Resources */ = {
			isa = PBXShellScriptBuildPhase;
			buildActionMask = 2147483647;
			files = (
			);
			inputPaths = (
			);
			name = "[CP] Copy Pods Resources";
			outputPaths = (
			);
			runOnlyForDeploymentPostprocessing = 0;
			shellPath = /bin/sh;
			shellScript = "\"${SRCROOT}/Pods/Target Support Files/Pods-MapillarySDK/Pods-MapillarySDK-resources.sh\"\n";
			showEnvVarsInLog = 0;
		};
		9A2E2D7F5BDC772E624E75FD /* [CP] Check Pods Manifest.lock */ = {
			isa = PBXShellScriptBuildPhase;
			buildActionMask = 2147483647;
			files = (
			);
			inputPaths = (
				"${PODS_PODFILE_DIR_PATH}/Podfile.lock",
				"${PODS_ROOT}/Manifest.lock",
			);
			name = "[CP] Check Pods Manifest.lock";
			outputPaths = (
				"$(DERIVED_FILE_DIR)/Pods-MapillarySDKTests-checkManifestLockResult.txt",
			);
			runOnlyForDeploymentPostprocessing = 0;
			shellPath = /bin/sh;
			shellScript = "diff \"${PODS_PODFILE_DIR_PATH}/Podfile.lock\" \"${PODS_ROOT}/Manifest.lock\" > /dev/null\nif [ $? != 0 ] ; then\n    # print error to STDERR\n    echo \"error: The sandbox is not in sync with the Podfile.lock. Run 'pod install' or update your CocoaPods installation.\" >&2\n    exit 1\nfi\n# This output is used by Xcode 'outputs' to avoid re-running this script phase.\necho \"SUCCESS\" > \"${SCRIPT_OUTPUT_FILE_0}\"\n";
			showEnvVarsInLog = 0;
		};
		C6DE72E2BFE531D882934979 /* [CP] Copy Pods Resources */ = {
			isa = PBXShellScriptBuildPhase;
			buildActionMask = 2147483647;
			files = (
			);
			inputPaths = (
			);
			name = "[CP] Copy Pods Resources";
			outputPaths = (
			);
			runOnlyForDeploymentPostprocessing = 0;
			shellPath = /bin/sh;
			shellScript = "\"${SRCROOT}/Pods/Target Support Files/Pods-MapillarySDKTests/Pods-MapillarySDKTests-resources.sh\"\n";
			showEnvVarsInLog = 0;
		};
		E3E70687E600D17D5BFF4278 /* [CP] Embed Pods Frameworks */ = {
			isa = PBXShellScriptBuildPhase;
			buildActionMask = 2147483647;
			files = (
			);
			inputPaths = (
			);
			name = "[CP] Embed Pods Frameworks";
			outputPaths = (
			);
			runOnlyForDeploymentPostprocessing = 0;
			shellPath = /bin/sh;
			shellScript = "\"${SRCROOT}/Pods/Target Support Files/Pods-MapillarySDKTests/Pods-MapillarySDKTests-frameworks.sh\"\n";
			showEnvVarsInLog = 0;
		};
		F92E7559CAE76386D150D3CE /* [CP] Check Pods Manifest.lock */ = {
			isa = PBXShellScriptBuildPhase;
			buildActionMask = 2147483647;
			files = (
			);
			inputPaths = (
				"${PODS_PODFILE_DIR_PATH}/Podfile.lock",
				"${PODS_ROOT}/Manifest.lock",
			);
			name = "[CP] Check Pods Manifest.lock";
			outputPaths = (
				"$(DERIVED_FILE_DIR)/Pods-MapillarySDK-checkManifestLockResult.txt",
			);
			runOnlyForDeploymentPostprocessing = 0;
			shellPath = /bin/sh;
			shellScript = "diff \"${PODS_PODFILE_DIR_PATH}/Podfile.lock\" \"${PODS_ROOT}/Manifest.lock\" > /dev/null\nif [ $? != 0 ] ; then\n    # print error to STDERR\n    echo \"error: The sandbox is not in sync with the Podfile.lock. Run 'pod install' or update your CocoaPods installation.\" >&2\n    exit 1\nfi\n# This output is used by Xcode 'outputs' to avoid re-running this script phase.\necho \"SUCCESS\" > \"${SCRIPT_OUTPUT_FILE_0}\"\n";
			showEnvVarsInLog = 0;
		};
/* End PBXShellScriptBuildPhase section */

/* Begin PBXSourcesBuildPhase section */
		9A88F93F1F4D933F0076C311 /* Sources */ = {
			isa = PBXSourcesBuildPhase;
			buildActionMask = 2147483647;
			files = (
				9A7977071F4EF3F800358A30 /* MAPImage.m in Sources */,
				9A7977031F4EF3EA00358A30 /* MAPFileManager.m in Sources */,
				9AC871931F4DB37D0012721D /* MAPLoginManager.m in Sources */,
				9A7977231F5027C700358A30 /* MAPUtils.m in Sources */,
				9A6B0D6C1F615CA5009C2454 /* MAPGpxParser.m in Sources */,
				9AE6FB161F571E1D004AE114 /* MAPDevice.m in Sources */,
				9A7977131F4EF41F00358A30 /* MAPUploadManager.m in Sources */,
				9A6B0D701F618D4C009C2454 /* MAPApiManager.m in Sources */,
				9A7977271F507A6300358A30 /* MAPGpxLogger.m in Sources */,
				9A6B0D741F628E2B009C2454 /* MAPApplicationDelegate.m in Sources */,
				9A7977171F4EF43700358A30 /* MAPUploadStatus.m in Sources */,
				9A79771B1F4EF5D600358A30 /* MAPLocation.m in Sources */,
				9A79770F1F4EF41100358A30 /* MAPSequence.m in Sources */,
				9AC871971F4DB3F90012721D /* MAPUser.m in Sources */,
			);
			runOnlyForDeploymentPostprocessing = 0;
		};
		9A88F9491F4D933F0076C311 /* Sources */ = {
			isa = PBXSourcesBuildPhase;
			buildActionMask = 2147483647;
			files = (
				9AC8719B1F4DBA1A0012721D /* MAPLoginManagerTests.m in Sources */,
				9AC8719D1F4DD8500012721D /* MAPUserTests.m in Sources */,
				9AE6FB121F56EB67004AE114 /* MAPGpxLoggerTests.m in Sources */,
			);
			runOnlyForDeploymentPostprocessing = 0;
		};
/* End PBXSourcesBuildPhase section */

/* Begin PBXTargetDependency section */
		9A88F9501F4D933F0076C311 /* PBXTargetDependency */ = {
			isa = PBXTargetDependency;
			target = 9A88F9431F4D933F0076C311 /* MapillarySDK */;
			targetProxy = 9A88F94F1F4D933F0076C311 /* PBXContainerItemProxy */;
		};
/* End PBXTargetDependency section */

/* Begin XCBuildConfiguration section */
		9A88F9561F4D933F0076C311 /* Debug */ = {
			isa = XCBuildConfiguration;
			buildSettings = {
				ALWAYS_SEARCH_USER_PATHS = NO;
				CLANG_ANALYZER_NONNULL = YES;
				CLANG_ANALYZER_NUMBER_OBJECT_CONVERSION = YES_AGGRESSIVE;
				CLANG_CXX_LANGUAGE_STANDARD = "gnu++0x";
				CLANG_CXX_LIBRARY = "libc++";
				CLANG_ENABLE_MODULES = YES;
				CLANG_ENABLE_OBJC_ARC = YES;
				CLANG_STATIC_ANALYZER_MODE = deep;
				CLANG_WARN_BOOL_CONVERSION = YES;
				CLANG_WARN_CONSTANT_CONVERSION = YES;
				CLANG_WARN_DIRECT_OBJC_ISA_USAGE = YES_ERROR;
				CLANG_WARN_DOCUMENTATION_COMMENTS = YES;
				CLANG_WARN_EMPTY_BODY = YES;
				CLANG_WARN_ENUM_CONVERSION = YES;
				CLANG_WARN_INFINITE_RECURSION = YES;
				CLANG_WARN_INT_CONVERSION = YES;
				CLANG_WARN_OBJC_ROOT_CLASS = YES_ERROR;
				CLANG_WARN_SUSPICIOUS_MOVE = YES;
				CLANG_WARN_UNREACHABLE_CODE = YES;
				CLANG_WARN__DUPLICATE_METHOD_MATCH = YES;
				"CODE_SIGN_IDENTITY[sdk=iphoneos*]" = "iPhone Developer";
				COPY_PHASE_STRIP = NO;
				CURRENT_PROJECT_VERSION = 1;
				DEBUG_INFORMATION_FORMAT = dwarf;
				ENABLE_STRICT_OBJC_MSGSEND = YES;
				ENABLE_TESTABILITY = YES;
				GCC_C_LANGUAGE_STANDARD = gnu99;
				GCC_DYNAMIC_NO_PIC = NO;
				GCC_NO_COMMON_BLOCKS = YES;
				GCC_OPTIMIZATION_LEVEL = 0;
				GCC_PREPROCESSOR_DEFINITIONS = (
					"DEBUG=1",
					"$(inherited)",
				);
				GCC_WARN_64_TO_32_BIT_CONVERSION = YES;
				GCC_WARN_ABOUT_RETURN_TYPE = YES_ERROR;
				GCC_WARN_UNDECLARED_SELECTOR = YES;
				GCC_WARN_UNINITIALIZED_AUTOS = YES_AGGRESSIVE;
				GCC_WARN_UNUSED_FUNCTION = YES;
				GCC_WARN_UNUSED_VARIABLE = YES;
				IPHONEOS_DEPLOYMENT_TARGET = 8.0;
				MTL_ENABLE_DEBUG_INFO = YES;
				ONLY_ACTIVE_ARCH = YES;
				RUN_CLANG_STATIC_ANALYZER = YES;
				SDKROOT = iphoneos;
				TARGETED_DEVICE_FAMILY = "1,2";
				VERSIONING_SYSTEM = "apple-generic";
				VERSION_INFO_PREFIX = "";
			};
			name = Debug;
		};
		9A88F9571F4D933F0076C311 /* Release */ = {
			isa = XCBuildConfiguration;
			buildSettings = {
				ALWAYS_SEARCH_USER_PATHS = NO;
				CLANG_ANALYZER_NONNULL = YES;
				CLANG_ANALYZER_NUMBER_OBJECT_CONVERSION = YES_AGGRESSIVE;
				CLANG_CXX_LANGUAGE_STANDARD = "gnu++0x";
				CLANG_CXX_LIBRARY = "libc++";
				CLANG_ENABLE_MODULES = YES;
				CLANG_ENABLE_OBJC_ARC = YES;
				CLANG_STATIC_ANALYZER_MODE = deep;
				CLANG_WARN_BOOL_CONVERSION = YES;
				CLANG_WARN_CONSTANT_CONVERSION = YES;
				CLANG_WARN_DIRECT_OBJC_ISA_USAGE = YES_ERROR;
				CLANG_WARN_DOCUMENTATION_COMMENTS = YES;
				CLANG_WARN_EMPTY_BODY = YES;
				CLANG_WARN_ENUM_CONVERSION = YES;
				CLANG_WARN_INFINITE_RECURSION = YES;
				CLANG_WARN_INT_CONVERSION = YES;
				CLANG_WARN_OBJC_ROOT_CLASS = YES_ERROR;
				CLANG_WARN_SUSPICIOUS_MOVE = YES;
				CLANG_WARN_UNREACHABLE_CODE = YES;
				CLANG_WARN__DUPLICATE_METHOD_MATCH = YES;
				"CODE_SIGN_IDENTITY[sdk=iphoneos*]" = "iPhone Developer";
				COPY_PHASE_STRIP = NO;
				CURRENT_PROJECT_VERSION = 1;
				DEBUG_INFORMATION_FORMAT = "dwarf-with-dsym";
				ENABLE_NS_ASSERTIONS = NO;
				ENABLE_STRICT_OBJC_MSGSEND = YES;
				GCC_C_LANGUAGE_STANDARD = gnu99;
				GCC_NO_COMMON_BLOCKS = YES;
				GCC_WARN_64_TO_32_BIT_CONVERSION = YES;
				GCC_WARN_ABOUT_RETURN_TYPE = YES_ERROR;
				GCC_WARN_UNDECLARED_SELECTOR = YES;
				GCC_WARN_UNINITIALIZED_AUTOS = YES_AGGRESSIVE;
				GCC_WARN_UNUSED_FUNCTION = YES;
				GCC_WARN_UNUSED_VARIABLE = YES;
				IPHONEOS_DEPLOYMENT_TARGET = 8.0;
				MTL_ENABLE_DEBUG_INFO = NO;
				RUN_CLANG_STATIC_ANALYZER = YES;
				SDKROOT = iphoneos;
				TARGETED_DEVICE_FAMILY = "1,2";
				VALIDATE_PRODUCT = YES;
				VERSIONING_SYSTEM = "apple-generic";
				VERSION_INFO_PREFIX = "";
			};
			name = Release;
		};
		9A88F9591F4D933F0076C311 /* Debug */ = {
			isa = XCBuildConfiguration;
			baseConfigurationReference = B28D729845064077865D7260 /* Pods-MapillarySDK.debug.xcconfig */;
			buildSettings = {
				CODE_SIGN_IDENTITY = "";
				DEFINES_MODULE = YES;
				DEVELOPMENT_TEAM = K7QW859D7N;
				DYLIB_COMPATIBILITY_VERSION = 1;
				DYLIB_CURRENT_VERSION = 1;
				DYLIB_INSTALL_NAME_BASE = "@rpath";
				INFOPLIST_FILE = MapillarySDK/Info.plist;
				INSTALL_PATH = "$(LOCAL_LIBRARY_DIR)/Frameworks";
				IPHONEOS_DEPLOYMENT_TARGET = 8.0;
				LD_RUNPATH_SEARCH_PATHS = "$(inherited) @executable_path/Frameworks @loader_path/Frameworks";
				PRODUCT_BUNDLE_IDENTIFIER = com.mapillary.MapillarySDK;
				PRODUCT_NAME = "$(TARGET_NAME)";
				SKIP_INSTALL = YES;
			};
			name = Debug;
		};
		9A88F95A1F4D933F0076C311 /* Release */ = {
			isa = XCBuildConfiguration;
			baseConfigurationReference = 9118836B0FBEFF1B1CFFD71D /* Pods-MapillarySDK.release.xcconfig */;
			buildSettings = {
				CODE_SIGN_IDENTITY = "";
				DEFINES_MODULE = YES;
				DEVELOPMENT_TEAM = K7QW859D7N;
				DYLIB_COMPATIBILITY_VERSION = 1;
				DYLIB_CURRENT_VERSION = 1;
				DYLIB_INSTALL_NAME_BASE = "@rpath";
				INFOPLIST_FILE = MapillarySDK/Info.plist;
				INSTALL_PATH = "$(LOCAL_LIBRARY_DIR)/Frameworks";
				IPHONEOS_DEPLOYMENT_TARGET = 8.0;
				LD_RUNPATH_SEARCH_PATHS = "$(inherited) @executable_path/Frameworks @loader_path/Frameworks";
				PRODUCT_BUNDLE_IDENTIFIER = com.mapillary.MapillarySDK;
				PRODUCT_NAME = "$(TARGET_NAME)";
				SKIP_INSTALL = YES;
			};
			name = Release;
		};
		9A88F95C1F4D933F0076C311 /* Debug */ = {
			isa = XCBuildConfiguration;
			baseConfigurationReference = 22FFA07D5FDB91E34206156C /* Pods-MapillarySDKTests.debug.xcconfig */;
			buildSettings = {
				DEVELOPMENT_TEAM = K7QW859D7N;
				INFOPLIST_FILE = MapillarySDKTests/Info.plist;
				LD_RUNPATH_SEARCH_PATHS = "$(inherited) @executable_path/Frameworks @loader_path/Frameworks";
				PRODUCT_BUNDLE_IDENTIFIER = com.mapillary.MapillarySDKTests;
				PRODUCT_NAME = "$(TARGET_NAME)";
			};
			name = Debug;
		};
		9A88F95D1F4D933F0076C311 /* Release */ = {
			isa = XCBuildConfiguration;
			baseConfigurationReference = AF85996D43C4CB7735B1F0BB /* Pods-MapillarySDKTests.release.xcconfig */;
			buildSettings = {
				DEVELOPMENT_TEAM = K7QW859D7N;
				INFOPLIST_FILE = MapillarySDKTests/Info.plist;
				LD_RUNPATH_SEARCH_PATHS = "$(inherited) @executable_path/Frameworks @loader_path/Frameworks";
				PRODUCT_BUNDLE_IDENTIFIER = com.mapillary.MapillarySDKTests;
				PRODUCT_NAME = "$(TARGET_NAME)";
			};
			name = Release;
		};
/* End XCBuildConfiguration section */

/* Begin XCConfigurationList section */
		9A88F93E1F4D933F0076C311 /* Build configuration list for PBXProject "MapillarySDK" */ = {
			isa = XCConfigurationList;
			buildConfigurations = (
				9A88F9561F4D933F0076C311 /* Debug */,
				9A88F9571F4D933F0076C311 /* Release */,
			);
			defaultConfigurationIsVisible = 0;
			defaultConfigurationName = Release;
		};
		9A88F9581F4D933F0076C311 /* Build configuration list for PBXNativeTarget "MapillarySDK" */ = {
			isa = XCConfigurationList;
			buildConfigurations = (
				9A88F9591F4D933F0076C311 /* Debug */,
				9A88F95A1F4D933F0076C311 /* Release */,
			);
			defaultConfigurationIsVisible = 0;
			defaultConfigurationName = Release;
		};
		9A88F95B1F4D933F0076C311 /* Build configuration list for PBXNativeTarget "MapillarySDKTests" */ = {
			isa = XCConfigurationList;
			buildConfigurations = (
				9A88F95C1F4D933F0076C311 /* Debug */,
				9A88F95D1F4D933F0076C311 /* Release */,
			);
			defaultConfigurationIsVisible = 0;
			defaultConfigurationName = Release;
		};
/* End XCConfigurationList section */
	};
	rootObject = 9A88F93B1F4D933F0076C311 /* Project object */;
}
